
Microsoft Visual Studio Solution File, Format Version 12.00
# Visual Studio Version 16
VisualStudioVersion = 16.0.31205.134
MinimumVisualStudioVersion = 10.0.40219.1
Project("{FAE04EC0-301F-11D3-BF4B-00C04F79EFBC}") = "DemoMVCCore1", "DemoMVCCore1\DemoMVCCore1.csproj", "{01733B0F-CF4D-4F8F-AEB3-EC940B41CEA0}"
EndProject
Global
	GlobalSection(SolutionConfigurationPlatforms) = preSolution
		Debug|Any CPU = Debug|Any CPU
		Release|Any CPU = Release|Any CPU
	EndGlobalSection
	GlobalSection(ProjectConfigurationPlatforms) = postSolution
		{01733B0F-CF4D-4F8F-AEB3-EC940B41CEA0}.Debug|Any CPU.ActiveCfg = Debug|Any CPU
		{01733B0F-CF4D-4F8F-AEB3-EC940B41CEA0}.Debug|Any CPU.Build.0 = Debug|Any CPU
		{01733B0F-CF4D-4F8F-AEB3-EC940B41CEA0}.Release|Any CPU.ActiveCfg = Release|Any CPU
		{01733B0F-CF4D-4F8F-AEB3-EC940B41CEA0}.Release|Any CPU.Build.0 = Release|Any CPU
	EndGlobalSection
	GlobalSection(SolutionProperties) = preSolution
		HideSolutionNode = FALSE
	EndGlobalSection
	GlobalSection(ExtensibilityGlobals) = postSolution
		SolutionGuid = {BCA43D4C-0F43-4239-8139-AC4BF45D54FF}
	EndGlobalSection
EndGlobal
